
Microsoft Visual Studio Solution File, Format Version 12.00
# Visual Studio Version 17
VisualStudioVersion = 17.11.35327.3
MinimumVisualStudioVersion = 10.0.40219.1
Project("{FAE04EC0-301F-11D3-BF4B-00C04F79EFBC}") = "VulnerableApplication", "VulnerableApplication.csproj", "{28691D29-0AA5-4880-B071-C009E8FA0787}"
EndProject
Project("{FAE04EC0-301F-11D3-BF4B-00C04F79EFBC}") = "VulnerableApplication.Backend", "..\VulnerableApplication.Backend\VulnerableApplication.Backend.csproj", "{A712C8FD-45F1-456F-A3B2-25B3495C2146}"
EndProject
Global
	GlobalSection(SolutionConfigurationPlatforms) = preSolution
		Debug|Any CPU = Debug|Any CPU
		Release|Any CPU = Release|Any CPU
	EndGlobalSection
	GlobalSection(ProjectConfigurationPlatforms) = postSolution
		{28691D29-0AA5-4880-B071-C009E8FA0787}.Debug|Any CPU.ActiveCfg = Debug|Any CPU
		{28691D29-0AA5-4880-B071-C009E8FA0787}.Debug|Any CPU.Build.0 = Debug|Any CPU
		{28691D29-0AA5-4880-B071-C009E8FA0787}.Release|Any CPU.ActiveCfg = Release|Any CPU
		{28691D29-0AA5-4880-B071-C009E8FA0787}.Release|Any CPU.Build.0 = Release|Any CPU
		{A712C8FD-45F1-456F-A3B2-25B3495C2146}.Debug|Any CPU.ActiveCfg = Debug|Any CPU
		{A712C8FD-45F1-456F-A3B2-25B3495C2146}.Debug|Any CPU.Build.0 = Debug|Any CPU
		{A712C8FD-45F1-456F-A3B2-25B3495C2146}.Release|Any CPU.ActiveCfg = Release|Any CPU
		{A712C8FD-45F1-456F-A3B2-25B3495C2146}.Release|Any CPU.Build.0 = Release|Any CPU
	EndGlobalSection
	GlobalSection(SolutionProperties) = preSolution
		HideSolutionNode = FALSE
	EndGlobalSection
	GlobalSection(ExtensibilityGlobals) = postSolution
		SolutionGuid = {E6A59F4B-08D3-4D6B-B39A-FCC8FB1277F7}
	EndGlobalSection
EndGlobal
